
Microsoft Visual Studio Solution File, Format Version 12.00
# Visual Studio Version 17
VisualStudioVersion = 17.6.33801.468
MinimumVisualStudioVersion = 10.0.40219.1
Project("{9A19103F-16F7-4668-BE54-9A1E7A4F7556}") = "CapitalPlacement.Api", "CapitalPlacement.Api\CapitalPlacement.Api.csproj", "{1685D890-94D7-4535-811A-1B2DE00B7CEE}"
EndProject
Project("{9A19103F-16F7-4668-BE54-9A1E7A4F7556}") = "CapitalPlacement.Console", "CapitalPlacement.Console\CapitalPlacement.Console.csproj", "{3DC16B5E-CD0F-4B4F-88F7-78F4BE4C1D8E}"
EndProject
Project("{9A19103F-16F7-4668-BE54-9A1E7A4F7556}") = "CapitalPlacement.Domain", "CapitalPlacement.Domain\CapitalPlacement.Domain.csproj", "{B65E7155-6F1E-4D11-978E-3A50278CD28E}"
EndProject
Project("{9A19103F-16F7-4668-BE54-9A1E7A4F7556}") = "CapitalPlacement.Test", "CapitalPlacement.Test\CapitalPlacement.Test.csproj", "{EE8ED8FB-A5A9-4DC9-8FC9-FCE1C1326151}"
EndProject
Project("{FAE04EC0-301F-11D3-BF4B-00C04F79EFBC}") = "CapitalPlacement.Infrastructure", "CapitalPlacement.Infrastructure\CapitalPlacement.Infrastructure.csproj", "{7A559ABA-B356-457F-AADD-DA388519A112}"
EndProject
Global
	GlobalSection(SolutionConfigurationPlatforms) = preSolution
		Debug|Any CPU = Debug|Any CPU
		Release|Any CPU = Release|Any CPU
	EndGlobalSection
	GlobalSection(ProjectConfigurationPlatforms) = postSolution
		{1685D890-94D7-4535-811A-1B2DE00B7CEE}.Debug|Any CPU.ActiveCfg = Debug|Any CPU
		{1685D890-94D7-4535-811A-1B2DE00B7CEE}.Debug|Any CPU.Build.0 = Debug|Any CPU
		{1685D890-94D7-4535-811A-1B2DE00B7CEE}.Release|Any CPU.ActiveCfg = Release|Any CPU
		{1685D890-94D7-4535-811A-1B2DE00B7CEE}.Release|Any CPU.Build.0 = Release|Any CPU
		{3DC16B5E-CD0F-4B4F-88F7-78F4BE4C1D8E}.Debug|Any CPU.ActiveCfg = Debug|Any CPU
		{3DC16B5E-CD0F-4B4F-88F7-78F4BE4C1D8E}.Debug|Any CPU.Build.0 = Debug|Any CPU
		{3DC16B5E-CD0F-4B4F-88F7-78F4BE4C1D8E}.Release|Any CPU.ActiveCfg = Release|Any CPU
		{3DC16B5E-CD0F-4B4F-88F7-78F4BE4C1D8E}.Release|Any CPU.Build.0 = Release|Any CPU
		{B65E7155-6F1E-4D11-978E-3A50278CD28E}.Debug|Any CPU.ActiveCfg = Debug|Any CPU
		{B65E7155-6F1E-4D11-978E-3A50278CD28E}.Debug|Any CPU.Build.0 = Debug|Any CPU
		{B65E7155-6F1E-4D11-978E-3A50278CD28E}.Release|Any CPU.ActiveCfg = Release|Any CPU
		{B65E7155-6F1E-4D11-978E-3A50278CD28E}.Release|Any CPU.Build.0 = Release|Any CPU
		{EE8ED8FB-A5A9-4DC9-8FC9-FCE1C1326151}.Debug|Any CPU.ActiveCfg = Debug|Any CPU
		{EE8ED8FB-A5A9-4DC9-8FC9-FCE1C1326151}.Debug|Any CPU.Build.0 = Debug|Any CPU
		{EE8ED8FB-A5A9-4DC9-8FC9-FCE1C1326151}.Release|Any CPU.ActiveCfg = Release|Any CPU
		{EE8ED8FB-A5A9-4DC9-8FC9-FCE1C1326151}.Release|Any CPU.Build.0 = Release|Any CPU
		{7A559ABA-B356-457F-AADD-DA388519A112}.Debug|Any CPU.ActiveCfg = Debug|Any CPU
		{7A559ABA-B356-457F-AADD-DA388519A112}.Debug|Any CPU.Build.0 = Debug|Any CPU
		{7A559ABA-B356-457F-AADD-DA388519A112}.Release|Any CPU.ActiveCfg = Release|Any CPU
		{7A559ABA-B356-457F-AADD-DA388519A112}.Release|Any CPU.Build.0 = Release|Any CPU
	EndGlobalSection
	GlobalSection(SolutionProperties) = preSolution
		HideSolutionNode = FALSE
	EndGlobalSection
	GlobalSection(ExtensibilityGlobals) = postSolution
		SolutionGuid = {D5582704-B6BB-4C78-8882-855C60393C92}
	EndGlobalSection
EndGlobal
